# This file is autogenerated, do not edit; changes may be undone by the next 'dep ensure'.


[[projects]]
  digest = "1:4d6f036ea3fe636bcb2e89850bcdc62a771354e157cd51b8b22a2de8562bf663"
  name = "cloud.google.com/go"
  packages = ["compute/metadata"]
  pruneopts = "UT"
  revision = "c9474f2f8deb81759839474b6bd1726bbfe1c1c4"
  version = "v0.36.0"

[[projects]]
  digest = "1:2462a00a7bdf9eeef215cbad0e18a3f7c2dd88a261f80188bc11be45808d5cbc"
  name = "github.com/GoogleCloudPlatform/cloudsql-proxy"
  packages = [
    "logging",
    "proxy/certs",
    "proxy/dialers/postgres",
    "proxy/proxy",
    "proxy/util",
  ]
  pruneopts = "UT"
  revision = "ac834ce67862b7c4ed8bdbe86e664572f820c245"
  version = "1.13"

[[projects]]
  branch = "master"
  digest = "1:e4fd8a4041e47ec6cb6c38ad4baf4f1f37278c7ba23625905147a5823885787a"
  name = "github.com/auth0/go-jwt-middleware"
  packages = ["."]
  pruneopts = "UT"
  revision = "5493cabe49f7bfa6e2ec444a09d334d90cd4e2bd"

[[projects]]
  digest = "1:76dc72490af7174349349838f2fe118996381b31ea83243812a97e5a0fd5ed55"
  name = "github.com/dgrijalva/jwt-go"
  packages = ["."]
  pruneopts = "UT"
  revision = "06ea1031745cb8b3dab3f6a236daf2b0aa468b7e"
  version = "v3.2.0"

[[projects]]
  digest = "1:631757aef84dd471e4ba8242ac6affcccfc2c4c6d9c8c45e47b0d8fe8fd82de1"
  name = "github.com/go-chi/chi"
  packages = [
    ".",
    "middleware",
  ]
  pruneopts = "UT"
  revision = "1a6bb108ccf279c8dac6f9bad857d773b4f9b421"
  version = "v4.0.1"

[[projects]]
  digest = "1:dfa416a1bb8139f30832543340f972f65c0db9932034cb6a1b42c5ac615a3fb8"
  name = "github.com/go-chi/cors"
  packages = ["."]
  pruneopts = "UT"
  revision = "dba6525398619dead495962a916728e7ee2ca322"
  version = "v1.0.0"

[[projects]]
  digest = "1:54d7b4b9ab2bb2bae35b55eea900bc8fe15cba05a95fc78bf7fd7b82a9a07afa"
  name = "github.com/go-chi/render"
  packages = ["."]
  pruneopts = "UT"
  revision = "3215478343fbc559bd3fc08f7031bb134d6bdad5"
  version = "v1.0.1"

[[projects]]
  digest = "1:97df918963298c287643883209a2c3f642e6593379f97ab400c2a2e219ab647d"
  name = "github.com/golang/protobuf"
  packages = ["proto"]
  pruneopts = "UT"
  revision = "aa810b61a9c79d51363740d207bb46cf8e620ed5"
  version = "v1.2.0"

[[projects]]
  digest = "1:f7463b67871bf7fe475e2c69fb0d21ead07de5188b8d7f8abf8fc961965ed841"
  name = "github.com/gorilla/schema"
  packages = ["."]
  pruneopts = "UT"
  revision = "d0e4c24cff97ae983e9847e0ed5a02dc10013d41"
  version = "v1.0.2"

[[projects]]
  digest = "1:6c41d4f998a03b6604227ccad36edaed6126c397e5d78709ef4814a1145a6757"
  name = "github.com/jmoiron/sqlx"
  packages = [
    ".",
    "reflectx",
  ]
  pruneopts = "UT"
  revision = "d161d7a76b5661016ad0b085869f77fd410f3e6a"
  version = "v1.2.0"

[[projects]]
  digest = "1:8ef506fc2bb9ced9b151dafa592d4046063d744c646c1bbe801982ce87e4bc24"
  name = "github.com/lib/pq"
  packages = [
    ".",
    "oid",
  ]
  pruneopts = "UT"
  revision = "4ded0e9383f75c197b3a2aaa6d590ac52df6fd79"
  version = "v1.0.0"

[[projects]]
  digest = "1:6221a3a452964b1ff30efdc22209b124d54d04373e5993264d3fa9b13da0659d"
  name = "github.com/namsral/flag"
  packages = ["."]
  pruneopts = "UT"
  revision = "71ceffbeb0ba60fccc853971bb3ed4d7d90bfd04"
  version = "v1.7.4-pre"

[[projects]]
  digest = "1:6886923952f8906f943c8026f6085802dc4eb09237664dc7a46107e060025037"
  name = "github.com/paulmach/orb"
  packages = [
    ".",
    "encoding/wkb",
    "encoding/wkt",
  ]
  pruneopts = "UT"
  revision = "edbcee2084dd7d15b2ab0cae97fd23acac93dccd"
  version = "v0.1.2"

[[projects]]
  branch = "master"
  digest = "1:8f992dc962b95dfd7eae988a76579af17de280b0560be6a29decf2d07c10fc77"
  name = "github.com/stephenhillier/soildesc"
  packages = ["."]
  pruneopts = "UT"
  revision = "dd914ff925d2d9b2b47610e097345af955224ba4"

[[projects]]
  branch = "master"
  digest = "1:f8b491a7c25030a895a0e579742d07136e6958e77ef2d46e769db8eec4e58fcd"
  name = "golang.org/x/net"
  packages = [
    "context",
    "context/ctxhttp",
  ]
  pruneopts = "UT"
  revision = "3a22650c66bd7f4fb6d1e8072ffd7b75c8a27898"

[[projects]]
  branch = "master"
  digest = "1:1540fd815845f20e31cb95c3b6f7f0f0c8880c3d053845ba4a4a609539446bf6"
  name = "golang.org/x/oauth2"
  packages = [
    ".",
    "google",
    "internal",
    "jws",
    "jwt",
  ]
  pruneopts = "UT"
  revision = "3e8b2be1363542a95c52ea0796d4a40dacfb5b95"

[[projects]]
  digest = "1:5bc9ca4a3fd8e6884441c3db4a26e88d3e6f742b580252c768e7149d6fc27628"
  name = "google.golang.org/api"
  packages = [
    "gensupport",
    "googleapi",
    "googleapi/internal/uritemplates",
    "sqladmin/v1beta4",
  ]
  pruneopts = "UT"
  revision = "19e022d8cf43ce81f046bae8cc18c5397cc7732f"
  version = "v0.1.0"

[[projects]]
  digest = "1:fa026a5c59bd2df343ec4a3538e6288dcf4e2ec5281d743ae82c120affe6926a"
  name = "google.golang.org/appengine"
  packages = [
    ".",
    "internal",
    "internal/app_identity",
    "internal/base",
    "internal/datastore",
    "internal/log",
    "internal/modules",
    "internal/remote_api",
    "internal/urlfetch",
    "urlfetch",
  ]
  pruneopts = "UT"
  revision = "e9657d882bb81064595ca3b56cbe2546bbabf7b1"
  version = "v1.4.0"

[solve-meta]
  analyzer-name = "dep"
  analyzer-version = 1
  input-imports = [
    "github.com/GoogleCloudPlatform/cloudsql-proxy/proxy/dialers/postgres",
    "github.com/auth0/go-jwt-middleware",
    "github.com/dgrijalva/jwt-go",
    "github.com/go-chi/chi",
    "github.com/go-chi/chi/middleware",
    "github.com/go-chi/cors",
    "github.com/go-chi/render",
    "github.com/gorilla/schema",
    "github.com/jmoiron/sqlx",
    "github.com/lib/pq",
    "github.com/namsral/flag",
    "github.com/paulmach/orb",
    "github.com/paulmach/orb/encoding/wkb",
    "github.com/paulmach/orb/encoding/wkt",
    "github.com/stephenhillier/soildesc",
  ]
  solver-name = "gps-cdcl"
  solver-version = 1
